
Microsoft Visual Studio Solution File, Format Version 12.00
# Visual Studio Version 17
VisualStudioVersion = 17.2.32616.157
MinimumVisualStudioVersion = 10.0.40219.1
Project("{FAE04EC0-301F-11D3-BF4B-00C04F79EFBC}") = "GerenciarCardapio", "GerenciarCardapio\GerenciarCardapio.csproj", "{B40FBC42-C841-49C7-9831-094FFCCC33A3}"
EndProject
Global
	GlobalSection(SolutionConfigurationPlatforms) = preSolution
		Debug|Any CPU = Debug|Any CPU
		Release|Any CPU = Release|Any CPU
	EndGlobalSection
	GlobalSection(ProjectConfigurationPlatforms) = postSolution
		{B40FBC42-C841-49C7-9831-094FFCCC33A3}.Debug|Any CPU.ActiveCfg = Debug|Any CPU
		{B40FBC42-C841-49C7-9831-094FFCCC33A3}.Debug|Any CPU.Build.0 = Debug|Any CPU
		{B40FBC42-C841-49C7-9831-094FFCCC33A3}.Release|Any CPU.ActiveCfg = Release|Any CPU
		{B40FBC42-C841-49C7-9831-094FFCCC33A3}.Release|Any CPU.Build.0 = Release|Any CPU
	EndGlobalSection
	GlobalSection(SolutionProperties) = preSolution
		HideSolutionNode = FALSE
	EndGlobalSection
	GlobalSection(ExtensibilityGlobals) = postSolution
		SolutionGuid = {6C238EE7-99CA-43CB-A7C3-1561D1B13E2B}
	EndGlobalSection
EndGlobal
